
Microsoft Visual Studio Solution File, Format Version 12.00
# Visual Studio 14
VisualStudioVersion = 14.0.24720.0
MinimumVisualStudioVersion = 10.0.40219.1
Project("{FAE04EC0-301F-11D3-BF4B-00C04F79EFBC}") = "10PinBowl", "10PinBowl\10PinBowl.csproj", "{D5CEA19E-ED6D-43C5-B7F8-4DB1750101E4}"
EndProject
Global
	GlobalSection(SolutionConfigurationPlatforms) = preSolution
		Debug|Any CPU = Debug|Any CPU
		Release|Any CPU = Release|Any CPU
	EndGlobalSection
	GlobalSection(ProjectConfigurationPlatforms) = postSolution
		{D5CEA19E-ED6D-43C5-B7F8-4DB1750101E4}.Debug|Any CPU.ActiveCfg = Debug|Any CPU
		{D5CEA19E-ED6D-43C5-B7F8-4DB1750101E4}.Debug|Any CPU.Build.0 = Debug|Any CPU
		{D5CEA19E-ED6D-43C5-B7F8-4DB1750101E4}.Release|Any CPU.ActiveCfg = Release|Any CPU
		{D5CEA19E-ED6D-43C5-B7F8-4DB1750101E4}.Release|Any CPU.Build.0 = Release|Any CPU
	EndGlobalSection
	GlobalSection(SolutionProperties) = preSolution
		HideSolutionNode = FALSE
	EndGlobalSection
EndGlobal
